// !$*UTF8*$!
{
	archiveVersion = 1;
	classes = {
	};
	objectVersion = 50;
	objects = {

/* Begin PBXBuildFile section */
		52241237215D26A0002F54DF /* AppDelegate.swift in Sources */ = {isa = PBXBuildFile; fileRef = 52241236215D26A0002F54DF /* AppDelegate.swift */; };
		52241239215D26A0002F54DF /* TheRoot.swift in Sources */ = {isa = PBXBuildFile; fileRef = 52241238215D26A0002F54DF /* TheRoot.swift */; };
		5224123C215D26A0002F54DF /* Main.storyboard in Resources */ = {isa = PBXBuildFile; fileRef = 5224123A215D26A0002F54DF /* Main.storyboard */; };
		5224123E215D26A2002F54DF /* Assets.xcassets in Resources */ = {isa = PBXBuildFile; fileRef = 5224123D215D26A2002F54DF /* Assets.xcassets */; };
		52241241215D26A2002F54DF /* LaunchScreen.storyboard in Resources */ = {isa = PBXBuildFile; fileRef = 5224123F215D26A2002F54DF /* LaunchScreen.storyboard */; };
		5224124A215D2C6B002F54DF /* SignupVC.swift in Sources */ = {isa = PBXBuildFile; fileRef = 52241249215D2C6B002F54DF /* SignupVC.swift */; };
		5224124D215D2D12002F54DF /* Utils.swift in Sources */ = {isa = PBXBuildFile; fileRef = 5224124C215D2D12002F54DF /* Utils.swift */; };
		5224124F215D32AD002F54DF /* LoginVC.swift in Sources */ = {isa = PBXBuildFile; fileRef = 5224124E215D32AD002F54DF /* LoginVC.swift */; };
		52241252215D39B2002F54DF /* FeedVC.swift in Sources */ = {isa = PBXBuildFile; fileRef = 52241251215D39B2002F54DF /* FeedVC.swift */; };
		52241254215D3AF8002F54DF /* IWantToVC.swift in Sources */ = {isa = PBXBuildFile; fileRef = 52241253215D3AF8002F54DF /* IWantToVC.swift */; };
		52241256215D3B1E002F54DF /* MyHobbies.swift in Sources */ = {isa = PBXBuildFile; fileRef = 52241255215D3B1E002F54DF /* MyHobbies.swift */; };
		52241258215D3B4E002F54DF /* Awards.swift in Sources */ = {isa = PBXBuildFile; fileRef = 52241257215D3B4E002F54DF /* Awards.swift */; };
		5224125B215D454E002F54DF /* CoreLocation.framework in Frameworks */ = {isa = PBXBuildFile; fileRef = 5224125A215D454E002F54DF /* CoreLocation.framework */; };
		5224125D215D4800002F54DF /* Service.swift in Sources */ = {isa = PBXBuildFile; fileRef = 5224125C215D4800002F54DF /* Service.swift */; };
		52241260215D49DF002F54DF /* Hobbie.swift in Sources */ = {isa = PBXBuildFile; fileRef = 5224125F215D49DF002F54DF /* Hobbie.swift */; };
		5263597C215E00A50092F818 /* TheRootBarButtonController.swift in Sources */ = {isa = PBXBuildFile; fileRef = 5263597B215E00A50092F818 /* TheRootBarButtonController.swift */; };
		5263597E215E07E00092F818 /* NewOneIWantToVC.swift in Sources */ = {isa = PBXBuildFile; fileRef = 5263597D215E07E00092F818 /* NewOneIWantToVC.swift */; };
		52635981215E084B0092F818 /* NewOneFeed.swift in Sources */ = {isa = PBXBuildFile; fileRef = 52635980215E084B0092F818 /* NewOneFeed.swift */; };
		52635983215E08CF0092F818 /* NewOneMyHobbies.swift in Sources */ = {isa = PBXBuildFile; fileRef = 52635982215E08CF0092F818 /* NewOneMyHobbies.swift */; };
		52635985215E09070092F818 /* NewOneAwards.swift in Sources */ = {isa = PBXBuildFile; fileRef = 52635984215E09070092F818 /* NewOneAwards.swift */; };
		52635987215E10D40092F818 /* User.swift in Sources */ = {isa = PBXBuildFile; fileRef = 52635986215E10D40092F818 /* User.swift */; };
		5263598A215E35E80092F818 /* CustomCollectionViewCell.swift in Sources */ = {isa = PBXBuildFile; fileRef = 52635989215E35E80092F818 /* CustomCollectionViewCell.swift */; };
		5263598E215E4C9E0092F818 /* PostSetting.swift in Sources */ = {isa = PBXBuildFile; fileRef = 5263598D215E4C9E0092F818 /* PostSetting.swift */; };
		52635990215E4CED0092F818 /* Settings.swift in Sources */ = {isa = PBXBuildFile; fileRef = 5263598F215E4CED0092F818 /* Settings.swift */; };
		52DDA782215EA50C0025C156 /* CustomImageView.swift in Sources */ = {isa = PBXBuildFile; fileRef = 52DDA781215EA50C0025C156 /* CustomImageView.swift */; };
		E6399387E885024505F0201C /* Pods_LiveIt.framework in Frameworks */ = {isa = PBXBuildFile; fileRef = AC3D6A41AC598F36BC5C2F59 /* Pods_LiveIt.framework */; };
/* End PBXBuildFile section */

/* Begin PBXFileReference section */
		52241233215D26A0002F54DF /* LiveIt.app */ = {isa = PBXFileReference; explicitFileType = wrapper.application; includeInIndex = 0; path = LiveIt.app; sourceTree = BUILT_PRODUCTS_DIR; };
		52241236215D26A0002F54DF /* AppDelegate.swift */ = {isa = PBXFileReference; lastKnownFileType = sourcecode.swift; path = AppDelegate.swift; sourceTree = "<group>"; };
		52241238215D26A0002F54DF /* TheRoot.swift */ = {isa = PBXFileReference; lastKnownFileType = sourcecode.swift; path = TheRoot.swift; sourceTree = "<group>"; };
		5224123B215D26A0002F54DF /* Base */ = {isa = PBXFileReference; lastKnownFileType = file.storyboard; name = Base; path = Base.lproj/Main.storyboard; sourceTree = "<group>"; };
		5224123D215D26A2002F54DF /* Assets.xcassets */ = {isa = PBXFileReference; lastKnownFileType = folder.assetcatalog; path = Assets.xcassets; sourceTree = "<group>"; };
		52241240215D26A2002F54DF /* Base */ = {isa = PBXFileReference; lastKnownFileType = file.storyboard; name = Base; path = Base.lproj/LaunchScreen.storyboard; sourceTree = "<group>"; };
		52241242215D26A2002F54DF /* Info.plist */ = {isa = PBXFileReference; lastKnownFileType = text.plist.xml; path = Info.plist; sourceTree = "<group>"; };
		52241249215D2C6B002F54DF /* SignupVC.swift */ = {isa = PBXFileReference; lastKnownFileType = sourcecode.swift; path = SignupVC.swift; sourceTree = "<group>"; };
		5224124C215D2D12002F54DF /* Utils.swift */ = {isa = PBXFileReference; lastKnownFileType = sourcecode.swift; path = Utils.swift; sourceTree = "<group>"; };
		5224124E215D32AD002F54DF /* LoginVC.swift */ = {isa = PBXFileReference; lastKnownFileType = sourcecode.swift; path = LoginVC.swift; sourceTree = "<group>"; };
		52241251215D39B2002F54DF /* FeedVC.swift */ = {isa = PBXFileReference; lastKnownFileType = sourcecode.swift; path = FeedVC.swift; sourceTree = "<group>"; };
		52241253215D3AF8002F54DF /* IWantToVC.swift */ = {isa = PBXFileReference; lastKnownFileType = sourcecode.swift; path = IWantToVC.swift; sourceTree = "<group>"; };
		52241255215D3B1E002F54DF /* MyHobbies.swift */ = {isa = PBXFileReference; lastKnownFileType = sourcecode.swift; path = MyHobbies.swift; sourceTree = "<group>"; };
		52241257215D3B4E002F54DF /* Awards.swift */ = {isa = PBXFileReference; lastKnownFileType = sourcecode.swift; path = Awards.swift; sourceTree = "<group>"; };
		5224125A215D454E002F54DF /* CoreLocation.framework */ = {isa = PBXFileReference; lastKnownFileType = wrapper.framework; name = CoreLocation.framework; path = System/Library/Frameworks/CoreLocation.framework; sourceTree = SDKROOT; };
		5224125C215D4800002F54DF /* Service.swift */ = {isa = PBXFileReference; lastKnownFileType = sourcecode.swift; path = Service.swift; sourceTree = "<group>"; };
		5224125F215D49DF002F54DF /* Hobbie.swift */ = {isa = PBXFileReference; lastKnownFileType = sourcecode.swift; path = Hobbie.swift; sourceTree = "<group>"; };
		5263597B215E00A50092F818 /* TheRootBarButtonController.swift */ = {isa = PBXFileReference; lastKnownFileType = sourcecode.swift; path = TheRootBarButtonController.swift; sourceTree = "<group>"; };
		5263597D215E07E00092F818 /* NewOneIWantToVC.swift */ = {isa = PBXFileReference; lastKnownFileType = sourcecode.swift; path = NewOneIWantToVC.swift; sourceTree = "<group>"; };
		52635980215E084B0092F818 /* NewOneFeed.swift */ = {isa = PBXFileReference; lastKnownFileType = sourcecode.swift; path = NewOneFeed.swift; sourceTree = "<group>"; };
		52635982215E08CF0092F818 /* NewOneMyHobbies.swift */ = {isa = PBXFileReference; lastKnownFileType = sourcecode.swift; path = NewOneMyHobbies.swift; sourceTree = "<group>"; };
		52635984215E09070092F818 /* NewOneAwards.swift */ = {isa = PBXFileReference; lastKnownFileType = sourcecode.swift; path = NewOneAwards.swift; sourceTree = "<group>"; };
		52635986215E10D40092F818 /* User.swift */ = {isa = PBXFileReference; lastKnownFileType = sourcecode.swift; path = User.swift; sourceTree = "<group>"; };
		52635989215E35E80092F818 /* CustomCollectionViewCell.swift */ = {isa = PBXFileReference; lastKnownFileType = sourcecode.swift; path = CustomCollectionViewCell.swift; sourceTree = "<group>"; };
		5263598D215E4C9E0092F818 /* PostSetting.swift */ = {isa = PBXFileReference; lastKnownFileType = sourcecode.swift; path = PostSetting.swift; sourceTree = "<group>"; };
		5263598F215E4CED0092F818 /* Settings.swift */ = {isa = PBXFileReference; lastKnownFileType = sourcecode.swift; path = Settings.swift; sourceTree = "<group>"; };
		52DDA781215EA50C0025C156 /* CustomImageView.swift */ = {isa = PBXFileReference; fileEncoding = 4; lastKnownFileType = sourcecode.swift; name = CustomImageView.swift; path = ../../../Instgram_Firebase/Instgram_Firebase/Utls/CustomImageView.swift; sourceTree = "<group>"; };
		AC3D6A41AC598F36BC5C2F59 /* Pods_LiveIt.framework */ = {isa = PBXFileReference; explicitFileType = wrapper.framework; includeInIndex = 0; path = Pods_LiveIt.framework; sourceTree = BUILT_PRODUCTS_DIR; };
		CB206BCDD7BCE89FE318AEFF /* Pods-LiveIt.debug.xcconfig */ = {isa = PBXFileReference; includeInIndex = 1; lastKnownFileType = text.xcconfig; name = "Pods-LiveIt.debug.xcconfig"; path = "Pods/Target Support Files/Pods-LiveIt/Pods-LiveIt.debug.xcconfig"; sourceTree = "<group>"; };
		D5742EBBF05A1EB99F11CBC3 /* Pods-LiveIt.release.xcconfig */ = {isa = PBXFileReference; includeInIndex = 1; lastKnownFileType = text.xcconfig; name = "Pods-LiveIt.release.xcconfig"; path = "Pods/Target Support Files/Pods-LiveIt/Pods-LiveIt.release.xcconfig"; sourceTree = "<group>"; };
/* End PBXFileReference section */

/* Begin PBXFrameworksBuildPhase section */
		52241230215D26A0002F54DF /* Frameworks */ = {
			isa = PBXFrameworksBuildPhase;
			buildActionMask = 2147483647;
			files = (
				5224125B215D454E002F54DF /* CoreLocation.framework in Frameworks */,
				E6399387E885024505F0201C /* Pods_LiveIt.framework in Frameworks */,
			);
			runOnlyForDeploymentPostprocessing = 0;
		};
/* End PBXFrameworksBuildPhase section */

/* Begin PBXGroup section */
		5224122A215D26A0002F54DF = {
			isa = PBXGroup;
			children = (
				52241235215D26A0002F54DF /* LiveIt */,
				52241234215D26A0002F54DF /* Products */,
				52241259215D454E002F54DF /* Frameworks */,
				B8B5CF7E0C05C9E380DD2365 /* Pods */,
			);
			sourceTree = "<group>";
		};
		52241234215D26A0002F54DF /* Products */ = {
			isa = PBXGroup;
			children = (
				52241233215D26A0002F54DF /* LiveIt.app */,
			);
			name = Products;
			sourceTree = "<group>";
		};
		52241235215D26A0002F54DF /* LiveIt */ = {
			isa = PBXGroup;
			children = (
				5263598B215E4C860092F818 /* NetWorking */,
				52635988215E35D40092F818 /* Views */,
				5263597F215E08230092F818 /* New Group */,
				52241236215D26A0002F54DF /* AppDelegate.swift */,
				52241238215D26A0002F54DF /* TheRoot.swift */,
				5224123A215D26A0002F54DF /* Main.storyboard */,
				52241250215D3996002F54DF /* Menu Button */,
				52241248215D2C5B002F54DF /* SignUp */,
				5224124B215D2D02002F54DF /* Utils */,
				5224125E215D49BC002F54DF /* Modle */,
				5224123D215D26A2002F54DF /* Assets.xcassets */,
				5224123F215D26A2002F54DF /* LaunchScreen.storyboard */,
				52241242215D26A2002F54DF /* Info.plist */,
				5263597B215E00A50092F818 /* TheRootBarButtonController.swift */,
			);
			path = LiveIt;
			sourceTree = "<group>";
		};
		52241248215D2C5B002F54DF /* SignUp */ = {
			isa = PBXGroup;
			children = (
				52241249215D2C6B002F54DF /* SignupVC.swift */,
				5224124E215D32AD002F54DF /* LoginVC.swift */,
			);
			path = SignUp;
			sourceTree = "<group>";
		};
		5224124B215D2D02002F54DF /* Utils */ = {
			isa = PBXGroup;
			children = (
				52DDA781215EA50C0025C156 /* CustomImageView.swift */,
				5224124C215D2D12002F54DF /* Utils.swift */,
				5224125C215D4800002F54DF /* Service.swift */,
			);
			path = Utils;
			sourceTree = "<group>";
		};
		52241250215D3996002F54DF /* Menu Button */ = {
			isa = PBXGroup;
			children = (
				52241251215D39B2002F54DF /* FeedVC.swift */,
				52241253215D3AF8002F54DF /* IWantToVC.swift */,
				52241255215D3B1E002F54DF /* MyHobbies.swift */,
				52241257215D3B4E002F54DF /* Awards.swift */,
			);
			path = "Menu Button";
			sourceTree = "<group>";
		};
		52241259215D454E002F54DF /* Frameworks */ = {
			isa = PBXGroup;
			children = (
				5224125A215D454E002F54DF /* CoreLocation.framework */,
				AC3D6A41AC598F36BC5C2F59 /* Pods_LiveIt.framework */,
			);
			name = Frameworks;
			sourceTree = "<group>";
		};
		5224125E215D49BC002F54DF /* Modle */ = {
			isa = PBXGroup;
			children = (
				5224125F215D49DF002F54DF /* Hobbie.swift */,
				52635986215E10D40092F818 /* User.swift */,
			);
			path = Modle;
			sourceTree = "<group>";
		};
		5263597F215E08230092F818 /* New Group */ = {
			isa = PBXGroup;
			children = (
				5263597D215E07E00092F818 /* NewOneIWantToVC.swift */,
				52635980215E084B0092F818 /* NewOneFeed.swift */,
				52635982215E08CF0092F818 /* NewOneMyHobbies.swift */,
				52635984215E09070092F818 /* NewOneAwards.swift */,
			);
			path = "New Group";
			sourceTree = "<group>";
		};
		52635988215E35D40092F818 /* Views */ = {
			isa = PBXGroup;
			children = (
				52635989215E35E80092F818 /* CustomCollectionViewCell.swift */,
			);
			path = Views;
			sourceTree = "<group>";
		};
		5263598B215E4C860092F818 /* NetWorking */ = {
			isa = PBXGroup;
			children = (
				5263598D215E4C9E0092F818 /* PostSetting.swift */,
				5263598F215E4CED0092F818 /* Settings.swift */,
			);
			path = NetWorking;
			sourceTree = "<group>";
		};
		B8B5CF7E0C05C9E380DD2365 /* Pods */ = {
			isa = PBXGroup;
			children = (
				CB206BCDD7BCE89FE318AEFF /* Pods-LiveIt.debug.xcconfig */,
				D5742EBBF05A1EB99F11CBC3 /* Pods-LiveIt.release.xcconfig */,
			);
			name = Pods;
			sourceTree = "<group>";
		};
/* End PBXGroup section */

/* Begin PBXNativeTarget section */
		52241232215D26A0002F54DF /* LiveIt */ = {
			isa = PBXNativeTarget;
			buildConfigurationList = 52241245215D26A2002F54DF /* Build configuration list for PBXNativeTarget "LiveIt" */;
			buildPhases = (
				D902565E2D8578D851562D78 /* [CP] Check Pods Manifest.lock */,
				5224122F215D26A0002F54DF /* Sources */,
				52241230215D26A0002F54DF /* Frameworks */,
				52241231215D26A0002F54DF /* Resources */,
				FE4C7363BEF06C654F37A886 /* [CP] Embed Pods Frameworks */,
			);
			buildRules = (
			);
			dependencies = (
			);
			name = LiveIt;
			productName = LiveIt;
			productReference = 52241233215D26A0002F54DF /* LiveIt.app */;
			productType = "com.apple.product-type.application";
		};
/* End PBXNativeTarget section */

/* Begin PBXProject section */
		5224122B215D26A0002F54DF /* Project object */ = {
			isa = PBXProject;
			attributes = {
				LastSwiftUpdateCheck = 0940;
				LastUpgradeCheck = 0940;
				ORGANIZATIONNAME = QahtanLab;
				TargetAttributes = {
					52241232215D26A0002F54DF = {
						CreatedOnToolsVersion = 9.4.1;
					};
				};
			};
			buildConfigurationList = 5224122E215D26A0002F54DF /* Build configuration list for PBXProject "LiveIt" */;
			compatibilityVersion = "Xcode 9.3";
			developmentRegion = en;
			hasScannedForEncodings = 0;
			knownRegions = (
				en,
				Base,
			);
			mainGroup = 5224122A215D26A0002F54DF;
			productRefGroup = 52241234215D26A0002F54DF /* Products */;
			projectDirPath = "";
			projectRoot = "";
			targets = (
				52241232215D26A0002F54DF /* LiveIt */,
			);
		};
/* End PBXProject section */

/* Begin PBXResourcesBuildPhase section */
		52241231215D26A0002F54DF /* Resources */ = {
			isa = PBXResourcesBuildPhase;
			buildActionMask = 2147483647;
			files = (
				52241241215D26A2002F54DF /* LaunchScreen.storyboard in Resources */,
				5224123E215D26A2002F54DF /* Assets.xcassets in Resources */,
				5224123C215D26A0002F54DF /* Main.storyboard in Resources */,
			);
			runOnlyForDeploymentPostprocessing = 0;
		};
/* End PBXResourcesBuildPhase section */

/* Begin PBXShellScriptBuildPhase section */
		D902565E2D8578D851562D78 /* [CP] Check Pods Manifest.lock */ = {
			isa = PBXShellScriptBuildPhase;
			buildActionMask = 2147483647;
			files = (
			);
			inputPaths = (
				"${PODS_PODFILE_DIR_PATH}/Podfile.lock",
				"${PODS_ROOT}/Manifest.lock",
			);
			name = "[CP] Check Pods Manifest.lock";
			outputPaths = (
				"$(DERIVED_FILE_DIR)/Pods-LiveIt-checkManifestLockResult.txt",
			);
			runOnlyForDeploymentPostprocessing = 0;
			shellPath = /bin/sh;
			shellScript = "diff \"${PODS_PODFILE_DIR_PATH}/Podfile.lock\" \"${PODS_ROOT}/Manifest.lock\" > /dev/null\nif [ $? != 0 ] ; then\n    # print error to STDERR\n    echo \"error: The sandbox is not in sync with the Podfile.lock. Run 'pod install' or update your CocoaPods installation.\" >&2\n    exit 1\nfi\n# This output is used by Xcode 'outputs' to avoid re-running this script phase.\necho \"SUCCESS\" > \"${SCRIPT_OUTPUT_FILE_0}\"\n";
			showEnvVarsInLog = 0;
		};
		FE4C7363BEF06C654F37A886 /* [CP] Embed Pods Frameworks */ = {
			isa = PBXShellScriptBuildPhase;
			buildActionMask = 2147483647;
			files = (
			);
			inputPaths = (
				"${SRCROOT}/Pods/Target Support Files/Pods-LiveIt/Pods-LiveIt-frameworks.sh",
				"${BUILT_PRODUCTS_DIR}/Alamofire/Alamofire.framework",
			);
			name = "[CP] Embed Pods Frameworks";
			outputPaths = (
				"${TARGET_BUILD_DIR}/${FRAMEWORKS_FOLDER_PATH}/Alamofire.framework",
			);
			runOnlyForDeploymentPostprocessing = 0;
			shellPath = /bin/sh;
			shellScript = "\"${SRCROOT}/Pods/Target Support Files/Pods-LiveIt/Pods-LiveIt-frameworks.sh\"\n";
			showEnvVarsInLog = 0;
		};
/* End PBXShellScriptBuildPhase section */

/* Begin PBXSourcesBuildPhase section */
		5224122F215D26A0002F54DF /* Sources */ = {
			isa = PBXSourcesBuildPhase;
			buildActionMask = 2147483647;
			files = (
				52241260215D49DF002F54DF /* Hobbie.swift in Sources */,
				5263598A215E35E80092F818 /* CustomCollectionViewCell.swift in Sources */,
				52241252215D39B2002F54DF /* FeedVC.swift in Sources */,
				5263597C215E00A50092F818 /* TheRootBarButtonController.swift in Sources */,
				52241258215D3B4E002F54DF /* Awards.swift in Sources */,
				5224124A215D2C6B002F54DF /* SignupVC.swift in Sources */,
				52241239215D26A0002F54DF /* TheRoot.swift in Sources */,
				52241237215D26A0002F54DF /* AppDelegate.swift in Sources */,
				52635987215E10D40092F818 /* User.swift in Sources */,
				52241256215D3B1E002F54DF /* MyHobbies.swift in Sources */,
				52DDA782215EA50C0025C156 /* CustomImageView.swift in Sources */,
				52635981215E084B0092F818 /* NewOneFeed.swift in Sources */,
				5224124D215D2D12002F54DF /* Utils.swift in Sources */,
				52635983215E08CF0092F818 /* NewOneMyHobbies.swift in Sources */,
				52635985215E09070092F818 /* NewOneAwards.swift in Sources */,
				52635990215E4CED0092F818 /* Settings.swift in Sources */,
				5224125D215D4800002F54DF /* Service.swift in Sources */,
				5263597E215E07E00092F818 /* NewOneIWantToVC.swift in Sources */,
				5263598E215E4C9E0092F818 /* PostSetting.swift in Sources */,
				52241254215D3AF8002F54DF /* IWantToVC.swift in Sources */,
				5224124F215D32AD002F54DF /* LoginVC.swift in Sources */,
			);
			runOnlyForDeploymentPostprocessing = 0;
		};
/* End PBXSourcesBuildPhase section */

/* Begin PBXVariantGroup section */
		5224123A215D26A0002F54DF /* Main.storyboard */ = {
			isa = PBXVariantGroup;
			children = (
				5224123B215D26A0002F54DF /* Base */,
			);
			name = Main.storyboard;
			sourceTree = "<group>";
		};
		5224123F215D26A2002F54DF /* LaunchScreen.storyboard */ = {
			isa = PBXVariantGroup;
			children = (
				52241240215D26A2002F54DF /* Base */,
			);
			name = LaunchScreen.storyboard;
			sourceTree = "<group>";
		};
/* End PBXVariantGroup section */

/* Begin XCBuildConfiguration section */
		52241243215D26A2002F54DF /* Debug */ = {
			isa = XCBuildConfiguration;
			buildSettings = {
				ALWAYS_SEARCH_USER_PATHS = NO;
				CLANG_ANALYZER_NONNULL = YES;
				CLANG_ANALYZER_NUMBER_OBJECT_CONVERSION = YES_AGGRESSIVE;
				CLANG_CXX_LANGUAGE_STANDARD = "gnu++14";
				CLANG_CXX_LIBRARY = "libc++";
				CLANG_ENABLE_MODULES = YES;
				CLANG_ENABLE_OBJC_ARC = YES;
				CLANG_ENABLE_OBJC_WEAK = YES;
				CLANG_WARN_BLOCK_CAPTURE_AUTORELEASING = YES;
				CLANG_WARN_BOOL_CONVERSION = YES;
				CLANG_WARN_COMMA = YES;
				CLANG_WARN_CONSTANT_CONVERSION = YES;
				CLANG_WARN_DEPRECATED_OBJC_IMPLEMENTATIONS = YES;
				CLANG_WARN_DIRECT_OBJC_ISA_USAGE = YES_ERROR;
				CLANG_WARN_DOCUMENTATION_COMMENTS = YES;
				CLANG_WARN_EMPTY_BODY = YES;
				CLANG_WARN_ENUM_CONVERSION = YES;
				CLANG_WARN_INFINITE_RECURSION = YES;
				CLANG_WARN_INT_CONVERSION = YES;
				CLANG_WARN_NON_LITERAL_NULL_CONVERSION = YES;
				CLANG_WARN_OBJC_IMPLICIT_RETAIN_SELF = YES;
				CLANG_WARN_OBJC_LITERAL_CONVERSION = YES;
				CLANG_WARN_OBJC_ROOT_CLASS = YES_ERROR;
				CLANG_WARN_RANGE_LOOP_ANALYSIS = YES;
				CLANG_WARN_STRICT_PROTOTYPES = YES;
				CLANG_WARN_SUSPICIOUS_MOVE = YES;
				CLANG_WARN_UNGUARDED_AVAILABILITY = YES_AGGRESSIVE;
				CLANG_WARN_UNREACHABLE_CODE = YES;
				CLANG_WARN__DUPLICATE_METHOD_MATCH = YES;
				CODE_SIGN_IDENTITY = "iPhone Developer";
				COPY_PHASE_STRIP = NO;
				DEBUG_INFORMATION_FORMAT = dwarf;
				ENABLE_STRICT_OBJC_MSGSEND = YES;
				ENABLE_TESTABILITY = YES;
				GCC_C_LANGUAGE_STANDARD = gnu11;
				GCC_DYNAMIC_NO_PIC = NO;
				GCC_NO_COMMON_BLOCKS = YES;
				GCC_OPTIMIZATION_LEVEL = 0;
				GCC_PREPROCESSOR_DEFINITIONS = (
					"DEBUG=1",
					"$(inherited)",
				);
				GCC_WARN_64_TO_32_BIT_CONVERSION = YES;
				GCC_WARN_ABOUT_RETURN_TYPE = YES_ERROR;
				GCC_WARN_UNDECLARED_SELECTOR = YES;
				GCC_WARN_UNINITIALIZED_AUTOS = YES_AGGRESSIVE;
				GCC_WARN_UNUSED_FUNCTION = YES;
				GCC_WARN_UNUSED_VARIABLE = YES;
				IPHONEOS_DEPLOYMENT_TARGET = 11.4;
				MTL_ENABLE_DEBUG_INFO = YES;
				ONLY_ACTIVE_ARCH = YES;
				SDKROOT = iphoneos;
				SWIFT_ACTIVE_COMPILATION_CONDITIONS = DEBUG;
				SWIFT_OPTIMIZATION_LEVEL = "-Onone";
			};
			name = Debug;
		};
		52241244215D26A2002F54DF /* Release */ = {
			isa = XCBuildConfiguration;
			buildSettings = {
				ALWAYS_SEARCH_USER_PATHS = NO;
				CLANG_ANALYZER_NONNULL = YES;
				CLANG_ANALYZER_NUMBER_OBJECT_CONVERSION = YES_AGGRESSIVE;
				CLANG_CXX_LANGUAGE_STANDARD = "gnu++14";
				CLANG_CXX_LIBRARY = "libc++";
				CLANG_ENABLE_MODULES = YES;
				CLANG_ENABLE_OBJC_ARC = YES;
				CLANG_ENABLE_OBJC_WEAK = YES;
				CLANG_WARN_BLOCK_CAPTURE_AUTORELEASING = YES;
				CLANG_WARN_BOOL_CONVERSION = YES;
				CLANG_WARN_COMMA = YES;
				CLANG_WARN_CONSTANT_CONVERSION = YES;
				CLANG_WARN_DEPRECATED_OBJC_IMPLEMENTATIONS = YES;
				CLANG_WARN_DIRECT_OBJC_ISA_USAGE = YES_ERROR;
				CLANG_WARN_DOCUMENTATION_COMMENTS = YES;
				CLANG_WARN_EMPTY_BODY = YES;
				CLANG_WARN_ENUM_CONVERSION = YES;
				CLANG_WARN_INFINITE_RECURSION = YES;
				CLANG_WARN_INT_CONVERSION = YES;
				CLANG_WARN_NON_LITERAL_NULL_CONVERSION = YES;
				CLANG_WARN_OBJC_IMPLICIT_RETAIN_SELF = YES;
				CLANG_WARN_OBJC_LITERAL_CONVERSION = YES;
				CLANG_WARN_OBJC_ROOT_CLASS = YES_ERROR;
				CLANG_WARN_RANGE_LOOP_ANALYSIS = YES;
				CLANG_WARN_STRICT_PROTOTYPES = YES;
				CLANG_WARN_SUSPICIOUS_MOVE = YES;
				CLANG_WARN_UNGUARDED_AVAILABILITY = YES_AGGRESSIVE;
				CLANG_WARN_UNREACHABLE_CODE = YES;
				CLANG_WARN__DUPLICATE_METHOD_MATCH = YES;
				CODE_SIGN_IDENTITY = "iPhone Developer";
				COPY_PHASE_STRIP = NO;
				DEBUG_INFORMATION_FORMAT = "dwarf-with-dsym";
				ENABLE_NS_ASSERTIONS = NO;
				ENABLE_STRICT_OBJC_MSGSEND = YES;
				GCC_C_LANGUAGE_STANDARD = gnu11;
				GCC_NO_COMMON_BLOCKS = YES;
				GCC_WARN_64_TO_32_BIT_CONVERSION = YES;
				GCC_WARN_ABOUT_RETURN_TYPE = YES_ERROR;
				GCC_WARN_UNDECLARED_SELECTOR = YES;
				GCC_WARN_UNINITIALIZED_AUTOS = YES_AGGRESSIVE;
				GCC_WARN_UNUSED_FUNCTION = YES;
				GCC_WARN_UNUSED_VARIABLE = YES;
				IPHONEOS_DEPLOYMENT_TARGET = 11.4;
				MTL_ENABLE_DEBUG_INFO = NO;
				SDKROOT = iphoneos;
				SWIFT_COMPILATION_MODE = wholemodule;
				SWIFT_OPTIMIZATION_LEVEL = "-O";
				VALIDATE_PRODUCT = YES;
			};
			name = Release;
		};
		52241246215D26A2002F54DF /* Debug */ = {
			isa = XCBuildConfiguration;
			baseConfigurationReference = CB206BCDD7BCE89FE318AEFF /* Pods-LiveIt.debug.xcconfig */;
			buildSettings = {
				ASSETCATALOG_COMPILER_APPICON_NAME = AppIcon;
				CODE_SIGN_STYLE = Automatic;
				DEVELOPMENT_TEAM = 32922A2567;
				INFOPLIST_FILE = LiveIt/Info.plist;
				LD_RUNPATH_SEARCH_PATHS = (
					"$(inherited)",
					"@executable_path/Frameworks",
				);
				PRODUCT_BUNDLE_IDENTIFIER = com.toyopagroup.LiveIt;
				PRODUCT_NAME = "$(TARGET_NAME)";
				SWIFT_VERSION = 4.0;
				TARGETED_DEVICE_FAMILY = "1,2";
			};
			name = Debug;
		};
		52241247215D26A2002F54DF /* Release */ = {
			isa = XCBuildConfiguration;
			baseConfigurationReference = D5742EBBF05A1EB99F11CBC3 /* Pods-LiveIt.release.xcconfig */;
			buildSettings = {
				ASSETCATALOG_COMPILER_APPICON_NAME = AppIcon;
				CODE_SIGN_STYLE = Automatic;
				DEVELOPMENT_TEAM = 32922A2567;
				INFOPLIST_FILE = LiveIt/Info.plist;
				LD_RUNPATH_SEARCH_PATHS = (
					"$(inherited)",
					"@executable_path/Frameworks",
				);
				PRODUCT_BUNDLE_IDENTIFIER = com.toyopagroup.LiveIt;
				PRODUCT_NAME = "$(TARGET_NAME)";
				SWIFT_VERSION = 4.0;
				TARGETED_DEVICE_FAMILY = "1,2";
			};
			name = Release;
		};
/* End XCBuildConfiguration section */

/* Begin XCConfigurationList section */
		5224122E215D26A0002F54DF /* Build configuration list for PBXProject "LiveIt" */ = {
			isa = XCConfigurationList;
			buildConfigurations = (
				52241243215D26A2002F54DF /* Debug */,
				52241244215D26A2002F54DF /* Release */,
			);
			defaultConfigurationIsVisible = 0;
			defaultConfigurationName = Release;
		};
		52241245215D26A2002F54DF /* Build configuration list for PBXNativeTarget "LiveIt" */ = {
			isa = XCConfigurationList;
			buildConfigurations = (
				52241246215D26A2002F54DF /* Debug */,
				52241247215D26A2002F54DF /* Release */,
			);
			defaultConfigurationIsVisible = 0;
			defaultConfigurationName = Release;
		};
/* End XCConfigurationList section */
	};
	rootObject = 5224122B215D26A0002F54DF /* Project object */;
}
